PODS:
  - GraphPoint (2.0.0):
    - GraphPoint/CoreGraphics (= 2.0.0)
  - GraphPoint/CoreGraphics (2.0.0)

DEPENDENCIES:
  - GraphPoint (~> 2.0)

SPEC CHECKSUMS:
  GraphPoint: 4f1be14d4484eaa217f1c927ede9b42c7ea8cf21

PODFILE CHECKSUM: 8943e9841fed06e8e940effda8f8b9df36bada58

COCOAPODS: 1.1.0.rc.2
