// !$*UTF8*$!
{
	archiveVersion = 1;
	classes = {
	};
	objectVersion = 46;
	objects = {

/* Begin PBXBuildFile section */
		10C95D044B33AD0072351817 /* Pods_LCARSDisplayKitTests.framework in Frameworks */ = {isa = PBXBuildFile; fileRef = 8FE6D6D729E46A34B843642F /* Pods_LCARSDisplayKitTests.framework */; };
		173C9A74BBA50CE6CAD2374B /* Pods_LCARSDisplayKitUITests.framework in Frameworks */ = {isa = PBXBuildFile; fileRef = B407EED54ACE24C643FB1EC3 /* Pods_LCARSDisplayKitUITests.framework */; };
		49A643C29F64E7EA5C1A7015 /* Pods_LCARSDisplayKit.framework in Frameworks */ = {isa = PBXBuildFile; fileRef = 5DCFF6865E998F9855CED3F1 /* Pods_LCARSDisplayKit.framework */; };
		E105B7671D5A5F73004AE5D9 /* Arc.swift in Sources */ = {isa = PBXBuildFile; fileRef = E105B7531D5A5F73004AE5D9 /* Arc.swift */; };
		E105B76C1D5A5F73004AE5D9 /* Crescent.swift in Sources */ = {isa = PBXBuildFile; fileRef = E105B7581D5A5F73004AE5D9 /* Crescent.swift */; };
		E105B76D1D5A5F73004AE5D9 /* EdgedCrescent.swift in Sources */ = {isa = PBXBuildFile; fileRef = E105B7591D5A5F73004AE5D9 /* EdgedCrescent.swift */; };
		E105B76E1D5A5F73004AE5D9 /* Graphable.swift in Sources */ = {isa = PBXBuildFile; fileRef = E105B75A1D5A5F73004AE5D9 /* Graphable.swift */; };
		E105B76F1D5A5F73004AE5D9 /* LDKButton.swift in Sources */ = {isa = PBXBuildFile; fileRef = E105B75B1D5A5F73004AE5D9 /* LDKButton.swift */; };
		E105B7701D5A5F73004AE5D9 /* LDKCrescentButton.swift in Sources */ = {isa = PBXBuildFile; fileRef = E105B75C1D5A5F73004AE5D9 /* LDKCrescentButton.swift */; };
		E105B7711D5A5F73004AE5D9 /* LDKDirectionButton.swift in Sources */ = {isa = PBXBuildFile; fileRef = E105B75D1D5A5F73004AE5D9 /* LDKDirectionButton.swift */; };
		E105B7721D5A5F73004AE5D9 /* LDKEdgedCrescentButton.swift in Sources */ = {isa = PBXBuildFile; fileRef = E105B75E1D5A5F73004AE5D9 /* LDKEdgedCrescentButton.swift */; };
		E105B7731D5A5F73004AE5D9 /* LDKElbowButton.swift in Sources */ = {isa = PBXBuildFile; fileRef = E105B75F1D5A5F73004AE5D9 /* LDKElbowButton.swift */; };
		E105B7741D5A5F73004AE5D9 /* LDKIndicatorView.swift in Sources */ = {isa = PBXBuildFile; fileRef = E105B7601D5A5F73004AE5D9 /* LDKIndicatorView.swift */; };
		E105B7751D5A5F73004AE5D9 /* LDKSectorButton.swift in Sources */ = {isa = PBXBuildFile; fileRef = E105B7611D5A5F73004AE5D9 /* LDKSectorButton.swift */; };
		E105B7761D5A5F73004AE5D9 /* RoundedRectangle.swift in Sources */ = {isa = PBXBuildFile; fileRef = E105B7621D5A5F73004AE5D9 /* RoundedRectangle.swift */; };
		E105B7771D5A5F73004AE5D9 /* Tappable.swift in Sources */ = {isa = PBXBuildFile; fileRef = E105B7631D5A5F73004AE5D9 /* Tappable.swift */; };
		E105B7781D5A5F73004AE5D9 /* UIButton.swift in Sources */ = {isa = PBXBuildFile; fileRef = E105B7641D5A5F73004AE5D9 /* UIButton.swift */; };
		E105B77A1D5A5F73004AE5D9 /* UIImage.swift in Sources */ = {isa = PBXBuildFile; fileRef = E105B7661D5A5F73004AE5D9 /* UIImage.swift */; };
		E105B77C1D5A61DC004AE5D9 /* Theme.swift in Sources */ = {isa = PBXBuildFile; fileRef = E105B77B1D5A61DC004AE5D9 /* Theme.swift */; };
		E105B78D1D5E6688004AE5D9 /* DPad.storyboard in Resources */ = {isa = PBXBuildFile; fileRef = E105B78B1D5E6688004AE5D9 /* DPad.storyboard */; };
		E1112FB41BBE7FBC0001C33D /* AppDelegate.swift in Sources */ = {isa = PBXBuildFile; fileRef = E1112FB31BBE7FBC0001C33D /* AppDelegate.swift */; };
		E1112FB61BBE7FBC0001C33D /* ViewController.swift in Sources */ = {isa = PBXBuildFile; fileRef = E1112FB51BBE7FBC0001C33D /* ViewController.swift */; };
		E1112FB91BBE7FBC0001C33D /* Main.storyboard in Resources */ = {isa = PBXBuildFile; fileRef = E1112FB71BBE7FBC0001C33D /* Main.storyboard */; };
		E1112FBB1BBE7FBC0001C33D /* Assets.xcassets in Resources */ = {isa = PBXBuildFile; fileRef = E1112FBA1BBE7FBC0001C33D /* Assets.xcassets */; };
		E1112FBE1BBE7FBC0001C33D /* LaunchScreen.storyboard in Resources */ = {isa = PBXBuildFile; fileRef = E1112FBC1BBE7FBC0001C33D /* LaunchScreen.storyboard */; };
		E1112FC91BBE7FBC0001C33D /* LCARSDisplayKitTests.swift in Sources */ = {isa = PBXBuildFile; fileRef = E1112FC81BBE7FBC0001C33D /* LCARSDisplayKitTests.swift */; };
		E1112FD41BBE7FBC0001C33D /* LCARSDisplayKitUITests.swift in Sources */ = {isa = PBXBuildFile; fileRef = E1112FD31BBE7FBC0001C33D /* LCARSDisplayKitUITests.swift */; };
		E127EB231BBE803700AAD675 /* LDKDPadView.swift in Sources */ = {isa = PBXBuildFile; fileRef = E127EB221BBE803700AAD675 /* LDKDPadView.swift */; };
		E127EB251BBE808500AAD675 /* LDKDPadExpandedView.swift in Sources */ = {isa = PBXBuildFile; fileRef = E127EB241BBE808500AAD675 /* LDKDPadExpandedView.swift */; };
		E127EB271BBE80C800AAD675 /* LDKDPadFullView.swift in Sources */ = {isa = PBXBuildFile; fileRef = E127EB261BBE80C800AAD675 /* LDKDPadFullView.swift */; };
		E14DEAEB1F51E79800F1EEFF /* Font License.txt in Resources */ = {isa = PBXBuildFile; fileRef = E14DEAE61F51E79800F1EEFF /* Font License.txt */; };
		E14DEAEC1F51E79800F1EEFF /* Okuda Bold Italic.otf in Resources */ = {isa = PBXBuildFile; fileRef = E14DEAE71F51E79800F1EEFF /* Okuda Bold Italic.otf */; };
		E14DEAED1F51E79800F1EEFF /* Okuda Bold.otf in Resources */ = {isa = PBXBuildFile; fileRef = E14DEAE81F51E79800F1EEFF /* Okuda Bold.otf */; };
		E14DEAEE1F51E79800F1EEFF /* Okuda Italic.otf in Resources */ = {isa = PBXBuildFile; fileRef = E14DEAE91F51E79800F1EEFF /* Okuda Italic.otf */; };
		E14DEAEF1F51E79800F1EEFF /* Okuda.otf in Resources */ = {isa = PBXBuildFile; fileRef = E14DEAEA1F51E79800F1EEFF /* Okuda.otf */; };
		E14DEAF11F51EA4E00F1EEFF /* UIFont.swift in Sources */ = {isa = PBXBuildFile; fileRef = E14DEAF01F51EA4E00F1EEFF /* UIFont.swift */; };
		E14DEAF91F521A1300F1EEFF /* Audio.swift in Sources */ = {isa = PBXBuildFile; fileRef = E14DEAF81F521A1300F1EEFF /* Audio.swift */; };
		E14DEAFD1F521CBD00F1EEFF /* beep2.m4a in Resources */ = {isa = PBXBuildFile; fileRef = E14DEAFA1F521CBC00F1EEFF /* beep2.m4a */; };
		E14DEAFE1F521CBD00F1EEFF /* beep1.m4a in Resources */ = {isa = PBXBuildFile; fileRef = E14DEAFB1F521CBC00F1EEFF /* beep1.m4a */; };
		E14DEAFF1F521CBD00F1EEFF /* beep3.m4a in Resources */ = {isa = PBXBuildFile; fileRef = E14DEAFC1F521CBD00F1EEFF /* beep3.m4a */; };
		E176A6901D8DE5CD00823E19 /* CGFloat.swift in Sources */ = {isa = PBXBuildFile; fileRef = E176A68F1D8DE5CD00823E19 /* CGFloat.swift */; };
		E1E6A6B51F522D3D005DC4D0 /* GraphMultiplier.swift in Sources */ = {isa = PBXBuildFile; fileRef = E1E6A6B41F522D3D005DC4D0 /* GraphMultiplier.swift */; };
/* End PBXBuildFile section */

/* Begin PBXContainerItemProxy section */
		E1112FC51BBE7FBC0001C33D /* PBXContainerItemProxy */ = {
			isa = PBXContainerItemProxy;
			containerPortal = E1112FA81BBE7FBB0001C33D /* Project object */;
			proxyType = 1;
			remoteGlobalIDString = E1112FAF1BBE7FBB0001C33D;
			remoteInfo = LCARSDisplayKit;
		};
		E1112FD01BBE7FBC0001C33D /* PBXContainerItemProxy */ = {
			isa = PBXContainerItemProxy;
			containerPortal = E1112FA81BBE7FBB0001C33D /* Project object */;
			proxyType = 1;
			remoteGlobalIDString = E1112FAF1BBE7FBB0001C33D;
			remoteInfo = LCARSDisplayKit;
		};
/* End PBXContainerItemProxy section */

/* Begin PBXFileReference section */
		04AC52179B82A10C1DB01B08 /* Pods-LCARSDisplayKitTests.release.xcconfig */ = {isa = PBXFileReference; includeInIndex = 1; lastKnownFileType = text.xcconfig; name = "Pods-LCARSDisplayKitTests.release.xcconfig"; path = "Pods/Target Support Files/Pods-LCARSDisplayKitTests/Pods-LCARSDisplayKitTests.release.xcconfig"; sourceTree = "<group>"; };
		5DCFF6865E998F9855CED3F1 /* Pods_LCARSDisplayKit.framework */ = {isa = PBXFileReference; explicitFileType = wrapper.framework; includeInIndex = 0; path = Pods_LCARSDisplayKit.framework; sourceTree = BUILT_PRODUCTS_DIR; };
		8B8B14692F708C643FF00174 /* Pods-LCARSDisplayKitUITests.debug.xcconfig */ = {isa = PBXFileReference; includeInIndex = 1; lastKnownFileType = text.xcconfig; name = "Pods-LCARSDisplayKitUITests.debug.xcconfig"; path = "Pods/Target Support Files/Pods-LCARSDisplayKitUITests/Pods-LCARSDisplayKitUITests.debug.xcconfig"; sourceTree = "<group>"; };
		8FE6D6D729E46A34B843642F /* Pods_LCARSDisplayKitTests.framework */ = {isa = PBXFileReference; explicitFileType = wrapper.framework; includeInIndex = 0; path = Pods_LCARSDisplayKitTests.framework; sourceTree = BUILT_PRODUCTS_DIR; };
		916B89F1536684D8808DADAE /* Pods-LCARSDisplayKitTests.debug.xcconfig */ = {isa = PBXFileReference; includeInIndex = 1; lastKnownFileType = text.xcconfig; name = "Pods-LCARSDisplayKitTests.debug.xcconfig"; path = "Pods/Target Support Files/Pods-LCARSDisplayKitTests/Pods-LCARSDisplayKitTests.debug.xcconfig"; sourceTree = "<group>"; };
		91AB2E4C48D426B0EDA35E2F /* Pods-LCARSDisplayKit.debug.xcconfig */ = {isa = PBXFileReference; includeInIndex = 1; lastKnownFileType = text.xcconfig; name = "Pods-LCARSDisplayKit.debug.xcconfig"; path = "Pods/Target Support Files/Pods-LCARSDisplayKit/Pods-LCARSDisplayKit.debug.xcconfig"; sourceTree = "<group>"; };
		998CEF5DD8BD0E9ED1FF7546 /* Pods-LCARSDisplayKit.release.xcconfig */ = {isa = PBXFileReference; includeInIndex = 1; lastKnownFileType = text.xcconfig; name = "Pods-LCARSDisplayKit.release.xcconfig"; path = "Pods/Target Support Files/Pods-LCARSDisplayKit/Pods-LCARSDisplayKit.release.xcconfig"; sourceTree = "<group>"; };
		A8B8A02FD4BCABDEF9699B79 /* Pods-LCARSDisplayKitUITests.release.xcconfig */ = {isa = PBXFileReference; includeInIndex = 1; lastKnownFileType = text.xcconfig; name = "Pods-LCARSDisplayKitUITests.release.xcconfig"; path = "Pods/Target Support Files/Pods-LCARSDisplayKitUITests/Pods-LCARSDisplayKitUITests.release.xcconfig"; sourceTree = "<group>"; };
		B407EED54ACE24C643FB1EC3 /* Pods_LCARSDisplayKitUITests.framework */ = {isa = PBXFileReference; explicitFileType = wrapper.framework; includeInIndex = 0; path = Pods_LCARSDisplayKitUITests.framework; sourceTree = BUILT_PRODUCTS_DIR; };
		E105B7531D5A5F73004AE5D9 /* Arc.swift */ = {isa = PBXFileReference; fileEncoding = 4; lastKnownFileType = sourcecode.swift; path = Arc.swift; sourceTree = "<group>"; };
		E105B7581D5A5F73004AE5D9 /* Crescent.swift */ = {isa = PBXFileReference; fileEncoding = 4; lastKnownFileType = sourcecode.swift; path = Crescent.swift; sourceTree = "<group>"; };
		E105B7591D5A5F73004AE5D9 /* EdgedCrescent.swift */ = {isa = PBXFileReference; fileEncoding = 4; lastKnownFileType = sourcecode.swift; path = EdgedCrescent.swift; sourceTree = "<group>"; };
		E105B75A1D5A5F73004AE5D9 /* Graphable.swift */ = {isa = PBXFileReference; fileEncoding = 4; lastKnownFileType = sourcecode.swift; path = Graphable.swift; sourceTree = "<group>"; };
		E105B75B1D5A5F73004AE5D9 /* LDKButton.swift */ = {isa = PBXFileReference; fileEncoding = 4; lastKnownFileType = sourcecode.swift; path = LDKButton.swift; sourceTree = "<group>"; };
		E105B75C1D5A5F73004AE5D9 /* LDKCrescentButton.swift */ = {isa = PBXFileReference; fileEncoding = 4; lastKnownFileType = sourcecode.swift; path = LDKCrescentButton.swift; sourceTree = "<group>"; };
		E105B75D1D5A5F73004AE5D9 /* LDKDirectionButton.swift */ = {isa = PBXFileReference; fileEncoding = 4; lastKnownFileType = sourcecode.swift; path = LDKDirectionButton.swift; sourceTree = "<group>"; };
		E105B75E1D5A5F73004AE5D9 /* LDKEdgedCrescentButton.swift */ = {isa = PBXFileReference; fileEncoding = 4; lastKnownFileType = sourcecode.swift; path = LDKEdgedCrescentButton.swift; sourceTree = "<group>"; };
		E105B75F1D5A5F73004AE5D9 /* LDKElbowButton.swift */ = {isa = PBXFileReference; fileEncoding = 4; lastKnownFileType = sourcecode.swift; path = LDKElbowButton.swift; sourceTree = "<group>"; };
		E105B7601D5A5F73004AE5D9 /* LDKIndicatorView.swift */ = {isa = PBXFileReference; fileEncoding = 4; lastKnownFileType = sourcecode.swift; path = LDKIndicatorView.swift; sourceTree = "<group>"; };
		E105B7611D5A5F73004AE5D9 /* LDKSectorButton.swift */ = {isa = PBXFileReference; fileEncoding = 4; lastKnownFileType = sourcecode.swift; path = LDKSectorButton.swift; sourceTree = "<group>"; };
		E105B7621D5A5F73004AE5D9 /* RoundedRectangle.swift */ = {isa = PBXFileReference; fileEncoding = 4; lastKnownFileType = sourcecode.swift; path = RoundedRectangle.swift; sourceTree = "<group>"; };
		E105B7631D5A5F73004AE5D9 /* Tappable.swift */ = {isa = PBXFileReference; fileEncoding = 4; lastKnownFileType = sourcecode.swift; path = Tappable.swift; sourceTree = "<group>"; };
		E105B7641D5A5F73004AE5D9 /* UIButton.swift */ = {isa = PBXFileReference; fileEncoding = 4; lastKnownFileType = sourcecode.swift; path = UIButton.swift; sourceTree = "<group>"; };
		E105B7661D5A5F73004AE5D9 /* UIImage.swift */ = {isa = PBXFileReference; fileEncoding = 4; lastKnownFileType = sourcecode.swift; path = UIImage.swift; sourceTree = "<group>"; };
		E105B77B1D5A61DC004AE5D9 /* Theme.swift */ = {isa = PBXFileReference; fileEncoding = 4; lastKnownFileType = sourcecode.swift; path = Theme.swift; sourceTree = "<group>"; };
		E105B78C1D5E6688004AE5D9 /* Base */ = {isa = PBXFileReference; lastKnownFileType = file.storyboard; name = Base; path = Base.lproj/DPad.storyboard; sourceTree = "<group>"; };
		E1112FB01BBE7FBC0001C33D /* LCARSDisplayKit.app */ = {isa = PBXFileReference; explicitFileType = wrapper.application; includeInIndex = 0; path = LCARSDisplayKit.app; sourceTree = BUILT_PRODUCTS_DIR; };
		E1112FB31BBE7FBC0001C33D /* AppDelegate.swift */ = {isa = PBXFileReference; lastKnownFileType = sourcecode.swift; path = AppDelegate.swift; sourceTree = "<group>"; };
		E1112FB51BBE7FBC0001C33D /* ViewController.swift */ = {isa = PBXFileReference; lastKnownFileType = sourcecode.swift; path = ViewController.swift; sourceTree = "<group>"; };
		E1112FB81BBE7FBC0001C33D /* Base */ = {isa = PBXFileReference; lastKnownFileType = file.storyboard; name = Base; path = Base.lproj/Main.storyboard; sourceTree = "<group>"; };
		E1112FBA1BBE7FBC0001C33D /* Assets.xcassets */ = {isa = PBXFileReference; lastKnownFileType = folder.assetcatalog; path = Assets.xcassets; sourceTree = "<group>"; };
		E1112FBD1BBE7FBC0001C33D /* Base */ = {isa = PBXFileReference; lastKnownFileType = file.storyboard; name = Base; path = Base.lproj/LaunchScreen.storyboard; sourceTree = "<group>"; };
		E1112FBF1BBE7FBC0001C33D /* Info.plist */ = {isa = PBXFileReference; lastKnownFileType = text.plist.xml; path = Info.plist; sourceTree = "<group>"; };
		E1112FC41BBE7FBC0001C33D /* LCARSDisplayKitTests.xctest */ = {isa = PBXFileReference; explicitFileType = wrapper.cfbundle; includeInIndex = 0; path = LCARSDisplayKitTests.xctest; sourceTree = BUILT_PRODUCTS_DIR; };
		E1112FC81BBE7FBC0001C33D /* LCARSDisplayKitTests.swift */ = {isa = PBXFileReference; lastKnownFileType = sourcecode.swift; path = LCARSDisplayKitTests.swift; sourceTree = "<group>"; };
		E1112FCA1BBE7FBC0001C33D /* Info.plist */ = {isa = PBXFileReference; lastKnownFileType = text.plist.xml; path = Info.plist; sourceTree = "<group>"; };
		E1112FCF1BBE7FBC0001C33D /* LCARSDisplayKitUITests.xctest */ = {isa = PBXFileReference; explicitFileType = wrapper.cfbundle; includeInIndex = 0; path = LCARSDisplayKitUITests.xctest; sourceTree = BUILT_PRODUCTS_DIR; };
		E1112FD31BBE7FBC0001C33D /* LCARSDisplayKitUITests.swift */ = {isa = PBXFileReference; lastKnownFileType = sourcecode.swift; path = LCARSDisplayKitUITests.swift; sourceTree = "<group>"; };
		E1112FD51BBE7FBC0001C33D /* Info.plist */ = {isa = PBXFileReference; lastKnownFileType = text.plist.xml; path = Info.plist; sourceTree = "<group>"; };
		E127EB221BBE803700AAD675 /* LDKDPadView.swift */ = {isa = PBXFileReference; fileEncoding = 4; lastKnownFileType = sourcecode.swift; path = LDKDPadView.swift; sourceTree = "<group>"; };
		E127EB241BBE808500AAD675 /* LDKDPadExpandedView.swift */ = {isa = PBXFileReference; fileEncoding = 4; lastKnownFileType = sourcecode.swift; path = LDKDPadExpandedView.swift; sourceTree = "<group>"; };
		E127EB261BBE80C800AAD675 /* LDKDPadFullView.swift */ = {isa = PBXFileReference; fileEncoding = 4; lastKnownFileType = sourcecode.swift; path = LDKDPadFullView.swift; sourceTree = "<group>"; };
		E14DEAE61F51E79800F1EEFF /* Font License.txt */ = {isa = PBXFileReference; fileEncoding = 4; lastKnownFileType = text; path = "Font License.txt"; sourceTree = "<group>"; };
		E14DEAE71F51E79800F1EEFF /* Okuda Bold Italic.otf */ = {isa = PBXFileReference; lastKnownFileType = file; path = "Okuda Bold Italic.otf"; sourceTree = "<group>"; };
		E14DEAE81F51E79800F1EEFF /* Okuda Bold.otf */ = {isa = PBXFileReference; lastKnownFileType = file; path = "Okuda Bold.otf"; sourceTree = "<group>"; };
		E14DEAE91F51E79800F1EEFF /* Okuda Italic.otf */ = {isa = PBXFileReference; lastKnownFileType = file; path = "Okuda Italic.otf"; sourceTree = "<group>"; };
		E14DEAEA1F51E79800F1EEFF /* Okuda.otf */ = {isa = PBXFileReference; lastKnownFileType = file; path = Okuda.otf; sourceTree = "<group>"; };
		E14DEAF01F51EA4E00F1EEFF /* UIFont.swift */ = {isa = PBXFileReference; lastKnownFileType = sourcecode.swift; path = UIFont.swift; sourceTree = "<group>"; };
		E14DEAF81F521A1300F1EEFF /* Audio.swift */ = {isa = PBXFileReference; lastKnownFileType = sourcecode.swift; path = Audio.swift; sourceTree = "<group>"; };
		E14DEAFA1F521CBC00F1EEFF /* beep2.m4a */ = {isa = PBXFileReference; lastKnownFileType = file; path = beep2.m4a; sourceTree = "<group>"; };
		E14DEAFB1F521CBC00F1EEFF /* beep1.m4a */ = {isa = PBXFileReference; lastKnownFileType = file; path = beep1.m4a; sourceTree = "<group>"; };
		E14DEAFC1F521CBD00F1EEFF /* beep3.m4a */ = {isa = PBXFileReference; lastKnownFileType = file; path = beep3.m4a; sourceTree = "<group>"; };
		E176A68F1D8DE5CD00823E19 /* CGFloat.swift */ = {isa = PBXFileReference; fileEncoding = 4; lastKnownFileType = sourcecode.swift; path = CGFloat.swift; sourceTree = "<group>"; };
		E1E6A6B41F522D3D005DC4D0 /* GraphMultiplier.swift */ = {isa = PBXFileReference; lastKnownFileType = sourcecode.swift; path = GraphMultiplier.swift; sourceTree = "<group>"; };
/* End PBXFileReference section */

/* Begin PBXFrameworksBuildPhase section */
		E1112FAD1BBE7FBB0001C33D /* Frameworks */ = {
			isa = PBXFrameworksBuildPhase;
			buildActionMask = 2147483647;
			files = (
				49A643C29F64E7EA5C1A7015 /* Pods_LCARSDisplayKit.framework in Frameworks */,
			);
			runOnlyForDeploymentPostprocessing = 0;
		};
		E1112FC11BBE7FBC0001C33D /* Frameworks */ = {
			isa = PBXFrameworksBuildPhase;
			buildActionMask = 2147483647;
			files = (
				10C95D044B33AD0072351817 /* Pods_LCARSDisplayKitTests.framework in Frameworks */,
			);
			runOnlyForDeploymentPostprocessing = 0;
		};
		E1112FCC1BBE7FBC0001C33D /* Frameworks */ = {
			isa = PBXFrameworksBuildPhase;
			buildActionMask = 2147483647;
			files = (
				173C9A74BBA50CE6CAD2374B /* Pods_LCARSDisplayKitUITests.framework in Frameworks */,
			);
			runOnlyForDeploymentPostprocessing = 0;
		};
/* End PBXFrameworksBuildPhase section */

/* Begin PBXGroup section */
		1054C190AB12424E7E52B81A /* Pods */ = {
			isa = PBXGroup;
			children = (
				91AB2E4C48D426B0EDA35E2F /* Pods-LCARSDisplayKit.debug.xcconfig */,
				998CEF5DD8BD0E9ED1FF7546 /* Pods-LCARSDisplayKit.release.xcconfig */,
				916B89F1536684D8808DADAE /* Pods-LCARSDisplayKitTests.debug.xcconfig */,
				04AC52179B82A10C1DB01B08 /* Pods-LCARSDisplayKitTests.release.xcconfig */,
				8B8B14692F708C643FF00174 /* Pods-LCARSDisplayKitUITests.debug.xcconfig */,
				A8B8A02FD4BCABDEF9699B79 /* Pods-LCARSDisplayKitUITests.release.xcconfig */,
			);
			name = Pods;
			sourceTree = "<group>";
		};
		49A5E7EA70267973AC3B7DEA /* Frameworks */ = {
			isa = PBXGroup;
			children = (
				5DCFF6865E998F9855CED3F1 /* Pods_LCARSDisplayKit.framework */,
				8FE6D6D729E46A34B843642F /* Pods_LCARSDisplayKitTests.framework */,
				B407EED54ACE24C643FB1EC3 /* Pods_LCARSDisplayKitUITests.framework */,
			);
			name = Frameworks;
			sourceTree = "<group>";
		};
		E105B7521D5A5F73004AE5D9 /* Sources */ = {
			isa = PBXGroup;
			children = (
				E105B7531D5A5F73004AE5D9 /* Arc.swift */,
				E14DEAF81F521A1300F1EEFF /* Audio.swift */,
				E176A68F1D8DE5CD00823E19 /* CGFloat.swift */,
				E105B7581D5A5F73004AE5D9 /* Crescent.swift */,
				E105B7591D5A5F73004AE5D9 /* EdgedCrescent.swift */,
				E105B75A1D5A5F73004AE5D9 /* Graphable.swift */,
				E1E6A6B41F522D3D005DC4D0 /* GraphMultiplier.swift */,
				E105B75B1D5A5F73004AE5D9 /* LDKButton.swift */,
				E105B75C1D5A5F73004AE5D9 /* LDKCrescentButton.swift */,
				E105B75D1D5A5F73004AE5D9 /* LDKDirectionButton.swift */,
				E105B75E1D5A5F73004AE5D9 /* LDKEdgedCrescentButton.swift */,
				E105B75F1D5A5F73004AE5D9 /* LDKElbowButton.swift */,
				E105B7601D5A5F73004AE5D9 /* LDKIndicatorView.swift */,
				E105B7611D5A5F73004AE5D9 /* LDKSectorButton.swift */,
				E105B7621D5A5F73004AE5D9 /* RoundedRectangle.swift */,
				E105B7631D5A5F73004AE5D9 /* Tappable.swift */,
				E105B77B1D5A61DC004AE5D9 /* Theme.swift */,
				E105B7641D5A5F73004AE5D9 /* UIButton.swift */,
				E14DEAF01F51EA4E00F1EEFF /* UIFont.swift */,
				E105B7661D5A5F73004AE5D9 /* UIImage.swift */,
			);
			path = Sources;
			sourceTree = "<group>";
		};
		E1112FA71BBE7FBB0001C33D = {
			isa = PBXGroup;
			children = (
				E105B7521D5A5F73004AE5D9 /* Sources */,
				E14DEAE51F51E79800F1EEFF /* Resources */,
				E1112FB21BBE7FBC0001C33D /* LCARSDisplayKit */,
				E1112FC71BBE7FBC0001C33D /* LCARSDisplayKitTests */,
				E1112FD21BBE7FBC0001C33D /* LCARSDisplayKitUITests */,
				E1112FB11BBE7FBC0001C33D /* Products */,
				1054C190AB12424E7E52B81A /* Pods */,
				49A5E7EA70267973AC3B7DEA /* Frameworks */,
			);
			sourceTree = "<group>";
		};
		E1112FB11BBE7FBC0001C33D /* Products */ = {
			isa = PBXGroup;
			children = (
				E1112FB01BBE7FBC0001C33D /* LCARSDisplayKit.app */,
				E1112FC41BBE7FBC0001C33D /* LCARSDisplayKitTests.xctest */,
				E1112FCF1BBE7FBC0001C33D /* LCARSDisplayKitUITests.xctest */,
			);
			name = Products;
			sourceTree = "<group>";
		};
		E1112FB21BBE7FBC0001C33D /* LCARSDisplayKit */ = {
			isa = PBXGroup;
			children = (
				E1112FB31BBE7FBC0001C33D /* AppDelegate.swift */,
				E1112FB51BBE7FBC0001C33D /* ViewController.swift */,
				E1112FB71BBE7FBC0001C33D /* Main.storyboard */,
				E1112FBA1BBE7FBC0001C33D /* Assets.xcassets */,
				E1112FBC1BBE7FBC0001C33D /* LaunchScreen.storyboard */,
				E1112FBF1BBE7FBC0001C33D /* Info.plist */,
				E127EB221BBE803700AAD675 /* LDKDPadView.swift */,
				E127EB241BBE808500AAD675 /* LDKDPadExpandedView.swift */,
				E127EB261BBE80C800AAD675 /* LDKDPadFullView.swift */,
				E105B78B1D5E6688004AE5D9 /* DPad.storyboard */,
			);
			path = LCARSDisplayKit;
			sourceTree = "<group>";
		};
		E1112FC71BBE7FBC0001C33D /* LCARSDisplayKitTests */ = {
			isa = PBXGroup;
			children = (
				E1112FC81BBE7FBC0001C33D /* LCARSDisplayKitTests.swift */,
				E1112FCA1BBE7FBC0001C33D /* Info.plist */,
			);
			path = LCARSDisplayKitTests;
			sourceTree = "<group>";
		};
		E1112FD21BBE7FBC0001C33D /* LCARSDisplayKitUITests */ = {
			isa = PBXGroup;
			children = (
				E1112FD31BBE7FBC0001C33D /* LCARSDisplayKitUITests.swift */,
				E1112FD51BBE7FBC0001C33D /* Info.plist */,
			);
			path = LCARSDisplayKitUITests;
			sourceTree = "<group>";
		};
		E14DEAE51F51E79800F1EEFF /* Resources */ = {
			isa = PBXGroup;
			children = (
				E14DEAFB1F521CBC00F1EEFF /* beep1.m4a */,
				E14DEAFA1F521CBC00F1EEFF /* beep2.m4a */,
				E14DEAFC1F521CBD00F1EEFF /* beep3.m4a */,
				E14DEAE61F51E79800F1EEFF /* Font License.txt */,
				E14DEAE71F51E79800F1EEFF /* Okuda Bold Italic.otf */,
				E14DEAE81F51E79800F1EEFF /* Okuda Bold.otf */,
				E14DEAE91F51E79800F1EEFF /* Okuda Italic.otf */,
				E14DEAEA1F51E79800F1EEFF /* Okuda.otf */,
			);
			path = Resources;
			sourceTree = "<group>";
		};
/* End PBXGroup section */

/* Begin PBXNativeTarget section */
		E1112FAF1BBE7FBB0001C33D /* LCARSDisplayKit */ = {
			isa = PBXNativeTarget;
			buildConfigurationList = E1112FD81BBE7FBC0001C33D /* Build configuration list for PBXNativeTarget "LCARSDisplayKit" */;
			buildPhases = (
				4905BE85BC03F85F1DEA1343 /* [CP] Check Pods Manifest.lock */,
				E1112FAC1BBE7FBB0001C33D /* Sources */,
				E1112FAD1BBE7FBB0001C33D /* Frameworks */,
				E1112FAE1BBE7FBB0001C33D /* Resources */,
				BAB320067CD4AEF5433FF59D /* [CP] Embed Pods Frameworks */,
				FB629C968C3EE02206FDE681 /* [CP] Copy Pods Resources */,
			);
			buildRules = (
			);
			dependencies = (
			);
			name = LCARSDisplayKit;
			productName = LCARSDisplayKit;
			productReference = E1112FB01BBE7FBC0001C33D /* LCARSDisplayKit.app */;
			productType = "com.apple.product-type.application";
		};
		E1112FC31BBE7FBC0001C33D /* LCARSDisplayKitTests */ = {
			isa = PBXNativeTarget;
			buildConfigurationList = E1112FDB1BBE7FBC0001C33D /* Build configuration list for PBXNativeTarget "LCARSDisplayKitTests" */;
			buildPhases = (
				491C2F527391A38B6A2B9158 /* [CP] Check Pods Manifest.lock */,
				E1112FC01BBE7FBC0001C33D /* Sources */,
				E1112FC11BBE7FBC0001C33D /* Frameworks */,
				E1112FC21BBE7FBC0001C33D /* Resources */,
				D26A99C13FF668BBF614438D /* [CP] Embed Pods Frameworks */,
				882E42C3986C711E02A26688 /* [CP] Copy Pods Resources */,
			);
			buildRules = (
			);
			dependencies = (
				E1112FC61BBE7FBC0001C33D /* PBXTargetDependency */,
			);
			name = LCARSDisplayKitTests;
			productName = LCARSDisplayKitTests;
			productReference = E1112FC41BBE7FBC0001C33D /* LCARSDisplayKitTests.xctest */;
			productType = "com.apple.product-type.bundle.unit-test";
		};
		E1112FCE1BBE7FBC0001C33D /* LCARSDisplayKitUITests */ = {
			isa = PBXNativeTarget;
			buildConfigurationList = E1112FDE1BBE7FBC0001C33D /* Build configuration list for PBXNativeTarget "LCARSDisplayKitUITests" */;
			buildPhases = (
				53C95805D3239E37549B8713 /* [CP] Check Pods Manifest.lock */,
				E1112FCB1BBE7FBC0001C33D /* Sources */,
				E1112FCC1BBE7FBC0001C33D /* Frameworks */,
				E1112FCD1BBE7FBC0001C33D /* Resources */,
				9A2B5EB27E904E21246E0A89 /* [CP] Copy Pods Resources */,
				1E066837BAE15D0BF8245D33 /* [CP] Embed Pods Frameworks */,
			);
			buildRules = (
			);
			dependencies = (
				E1112FD11BBE7FBC0001C33D /* PBXTargetDependency */,
			);
			name = LCARSDisplayKitUITests;
			productName = LCARSDisplayKitUITests;
			productReference = E1112FCF1BBE7FBC0001C33D /* LCARSDisplayKitUITests.xctest */;
			productType = "com.apple.product-type.bundle.ui-testing";
		};
/* End PBXNativeTarget section */

/* Begin PBXProject section */
		E1112FA81BBE7FBB0001C33D /* Project object */ = {
			isa = PBXProject;
			attributes = {
				LastUpgradeCheck = 0900;
				ORGANIZATIONNAME = "Richard Piazza";
				TargetAttributes = {
					E1112FAF1BBE7FBB0001C33D = {
						CreatedOnToolsVersion = 7.0.1;
						DevelopmentTeam = EX6YK9HKXA;
						LastSwiftMigration = 0900;
						ProvisioningStyle = Automatic;
					};
					E1112FC31BBE7FBC0001C33D = {
						CreatedOnToolsVersion = 7.0.1;
						DevelopmentTeam = EX6YK9HKXA;
						LastSwiftMigration = 0900;
						ProvisioningStyle = Automatic;
						TestTargetID = E1112FAF1BBE7FBB0001C33D;
					};
					E1112FCE1BBE7FBC0001C33D = {
						CreatedOnToolsVersion = 7.0.1;
						DevelopmentTeam = EX6YK9HKXA;
						LastSwiftMigration = 0900;
						ProvisioningStyle = Automatic;
						TestTargetID = E1112FAF1BBE7FBB0001C33D;
					};
				};
			};
			buildConfigurationList = E1112FAB1BBE7FBB0001C33D /* Build configuration list for PBXProject "LCARSDisplayKit" */;
			compatibilityVersion = "Xcode 3.2";
			developmentRegion = English;
			hasScannedForEncodings = 0;
			knownRegions = (
				en,
				Base,
			);
			mainGroup = E1112FA71BBE7FBB0001C33D;
			productRefGroup = E1112FB11BBE7FBC0001C33D /* Products */;
			projectDirPath = "";
			projectRoot = "";
			targets = (
				E1112FAF1BBE7FBB0001C33D /* LCARSDisplayKit */,
				E1112FC31BBE7FBC0001C33D /* LCARSDisplayKitTests */,
				E1112FCE1BBE7FBC0001C33D /* LCARSDisplayKitUITests */,
			);
		};
/* End PBXProject section */

/* Begin PBXResourcesBuildPhase section */
		E1112FAE1BBE7FBB0001C33D /* Resources */ = {
			isa = PBXResourcesBuildPhase;
			buildActionMask = 2147483647;
			files = (
				E14DEAFF1F521CBD00F1EEFF /* beep3.m4a in Resources */,
				E1112FBE1BBE7FBC0001C33D /* LaunchScreen.storyboard in Resources */,
				E14DEAEE1F51E79800F1EEFF /* Okuda Italic.otf in Resources */,
				E14DEAED1F51E79800F1EEFF /* Okuda Bold.otf in Resources */,
				E14DEAEC1F51E79800F1EEFF /* Okuda Bold Italic.otf in Resources */,
				E1112FBB1BBE7FBC0001C33D /* Assets.xcassets in Resources */,
				E14DEAEF1F51E79800F1EEFF /* Okuda.otf in Resources */,
				E1112FB91BBE7FBC0001C33D /* Main.storyboard in Resources */,
				E14DEAFD1F521CBD00F1EEFF /* beep2.m4a in Resources */,
				E14DEAFE1F521CBD00F1EEFF /* beep1.m4a in Resources */,
				E14DEAEB1F51E79800F1EEFF /* Font License.txt in Resources */,
				E105B78D1D5E6688004AE5D9 /* DPad.storyboard in Resources */,
			);
			runOnlyForDeploymentPostprocessing = 0;
		};
		E1112FC21BBE7FBC0001C33D /* Resources */ = {
			isa = PBXResourcesBuildPhase;
			buildActionMask = 2147483647;
			files = (
			);
			runOnlyForDeploymentPostprocessing = 0;
		};
		E1112FCD1BBE7FBC0001C33D /* Resources */ = {
			isa = PBXResourcesBuildPhase;
			buildActionMask = 2147483647;
			files = (
			);
			runOnlyForDeploymentPostprocessing = 0;
		};
/* End PBXResourcesBuildPhase section */

/* Begin PBXShellScriptBuildPhase section */
		1E066837BAE15D0BF8245D33 /* [CP] Embed Pods Frameworks */ = {
			isa = PBXShellScriptBuildPhase;
			buildActionMask = 2147483647;
			files = (
			);
			inputPaths = (
			);
			name = "[CP] Embed Pods Frameworks";
			outputPaths = (
			);
			runOnlyForDeploymentPostprocessing = 0;
			shellPath = /bin/sh;
			shellScript = "\"${SRCROOT}/Pods/Target Support Files/Pods-LCARSDisplayKitUITests/Pods-LCARSDisplayKitUITests-frameworks.sh\"\n";
			showEnvVarsInLog = 0;
		};
		4905BE85BC03F85F1DEA1343 /* [CP] Check Pods Manifest.lock */ = {
			isa = PBXShellScriptBuildPhase;
			buildActionMask = 2147483647;
			files = (
			);
			inputPaths = (
				"${PODS_PODFILE_DIR_PATH}/Podfile.lock",
				"${PODS_ROOT}/Manifest.lock",
			);
			name = "[CP] Check Pods Manifest.lock";
			outputPaths = (
				"$(DERIVED_FILE_DIR)/Pods-LCARSDisplayKit-checkManifestLockResult.txt",
			);
			runOnlyForDeploymentPostprocessing = 0;
			shellPath = /bin/sh;
			shellScript = "diff \"${PODS_PODFILE_DIR_PATH}/Podfile.lock\" \"${PODS_ROOT}/Manifest.lock\" > /dev/null\nif [ $? != 0 ] ; then\n    # print error to STDERR\n    echo \"error: The sandbox is not in sync with the Podfile.lock. Run 'pod install' or update your CocoaPods installation.\" >&2\n    exit 1\nfi\n# This output is used by Xcode 'outputs' to avoid re-running this script phase.\necho \"SUCCESS\" > \"${SCRIPT_OUTPUT_FILE_0}\"\n";
			showEnvVarsInLog = 0;
		};
		491C2F527391A38B6A2B9158 /* [CP] Check Pods Manifest.lock */ = {
			isa = PBXShellScriptBuildPhase;
			buildActionMask = 2147483647;
			files = (
			);
			inputPaths = (
				"${PODS_PODFILE_DIR_PATH}/Podfile.lock",
				"${PODS_ROOT}/Manifest.lock",
			);
			name = "[CP] Check Pods Manifest.lock";
			outputPaths = (
				"$(DERIVED_FILE_DIR)/Pods-LCARSDisplayKitTests-checkManifestLockResult.txt",
			);
			runOnlyForDeploymentPostprocessing = 0;
			shellPath = /bin/sh;
			shellScript = "diff \"${PODS_PODFILE_DIR_PATH}/Podfile.lock\" \"${PODS_ROOT}/Manifest.lock\" > /dev/null\nif [ $? != 0 ] ; then\n    # print error to STDERR\n    echo \"error: The sandbox is not in sync with the Podfile.lock. Run 'pod install' or update your CocoaPods installation.\" >&2\n    exit 1\nfi\n# This output is used by Xcode 'outputs' to avoid re-running this script phase.\necho \"SUCCESS\" > \"${SCRIPT_OUTPUT_FILE_0}\"\n";
			showEnvVarsInLog = 0;
		};
		53C95805D3239E37549B8713 /* [CP] Check Pods Manifest.lock */ = {
			isa = PBXShellScriptBuildPhase;
			buildActionMask = 2147483647;
			files = (
			);
			inputPaths = (
				"${PODS_PODFILE_DIR_PATH}/Podfile.lock",
				"${PODS_ROOT}/Manifest.lock",
			);
			name = "[CP] Check Pods Manifest.lock";
			outputPaths = (
				"$(DERIVED_FILE_DIR)/Pods-LCARSDisplayKitUITests-checkManifestLockResult.txt",
			);
			runOnlyForDeploymentPostprocessing = 0;
			shellPath = /bin/sh;
			shellScript = "diff \"${PODS_PODFILE_DIR_PATH}/Podfile.lock\" \"${PODS_ROOT}/Manifest.lock\" > /dev/null\nif [ $? != 0 ] ; then\n    # print error to STDERR\n    echo \"error: The sandbox is not in sync with the Podfile.lock. Run 'pod install' or update your CocoaPods installation.\" >&2\n    exit 1\nfi\n# This output is used by Xcode 'outputs' to avoid re-running this script phase.\necho \"SUCCESS\" > \"${SCRIPT_OUTPUT_FILE_0}\"\n";
			showEnvVarsInLog = 0;
		};
		882E42C3986C711E02A26688 /* [CP] Copy Pods Resources */ = {
			isa = PBXShellScriptBuildPhase;
			buildActionMask = 2147483647;
			files = (
			);
			inputPaths = (
			);
			name = "[CP] Copy Pods Resources";
			outputPaths = (
			);
			runOnlyForDeploymentPostprocessing = 0;
			shellPath = /bin/sh;
			shellScript = "\"${SRCROOT}/Pods/Target Support Files/Pods-LCARSDisplayKitTests/Pods-LCARSDisplayKitTests-resources.sh\"\n";
			showEnvVarsInLog = 0;
		};
		9A2B5EB27E904E21246E0A89 /* [CP] Copy Pods Resources */ = {
			isa = PBXShellScriptBuildPhase;
			buildActionMask = 2147483647;
			files = (
			);
			inputPaths = (
			);
			name = "[CP] Copy Pods Resources";
			outputPaths = (
			);
			runOnlyForDeploymentPostprocessing = 0;
			shellPath = /bin/sh;
			shellScript = "\"${SRCROOT}/Pods/Target Support Files/Pods-LCARSDisplayKitUITests/Pods-LCARSDisplayKitUITests-resources.sh\"\n";
			showEnvVarsInLog = 0;
		};
		BAB320067CD4AEF5433FF59D /* [CP] Embed Pods Frameworks */ = {
			isa = PBXShellScriptBuildPhase;
			buildActionMask = 2147483647;
			files = (
			);
			inputPaths = (
				"${SRCROOT}/Pods/Target Support Files/Pods-LCARSDisplayKit/Pods-LCARSDisplayKit-frameworks.sh",
				"${BUILT_PRODUCTS_DIR}/GraphPoint/GraphPoint.framework",
			);
			name = "[CP] Embed Pods Frameworks";
			outputPaths = (
				"${TARGET_BUILD_DIR}/${FRAMEWORKS_FOLDER_PATH}/GraphPoint.framework",
			);
			runOnlyForDeploymentPostprocessing = 0;
			shellPath = /bin/sh;
			shellScript = "\"${SRCROOT}/Pods/Target Support Files/Pods-LCARSDisplayKit/Pods-LCARSDisplayKit-frameworks.sh\"\n";
			showEnvVarsInLog = 0;
		};
		D26A99C13FF668BBF614438D /* [CP] Embed Pods Frameworks */ = {
			isa = PBXShellScriptBuildPhase;
			buildActionMask = 2147483647;
			files = (
			);
			inputPaths = (
			);
			name = "[CP] Embed Pods Frameworks";
			outputPaths = (
			);
			runOnlyForDeploymentPostprocessing = 0;
			shellPath = /bin/sh;
			shellScript = "\"${SRCROOT}/Pods/Target Support Files/Pods-LCARSDisplayKitTests/Pods-LCARSDisplayKitTests-frameworks.sh\"\n";
			showEnvVarsInLog = 0;
		};
		FB629C968C3EE02206FDE681 /* [CP] Copy Pods Resources */ = {
			isa = PBXShellScriptBuildPhase;
			buildActionMask = 2147483647;
			files = (
			);
			inputPaths = (
			);
			name = "[CP] Copy Pods Resources";
			outputPaths = (
			);
			runOnlyForDeploymentPostprocessing = 0;
			shellPath = /bin/sh;
			shellScript = "\"${SRCROOT}/Pods/Target Support Files/Pods-LCARSDisplayKit/Pods-LCARSDisplayKit-resources.sh\"\n";
			showEnvVarsInLog = 0;
		};
/* End PBXShellScriptBuildPhase section */

/* Begin PBXSourcesBuildPhase section */
		E1112FAC1BBE7FBB0001C33D /* Sources */ = {
			isa = PBXSourcesBuildPhase;
			buildActionMask = 2147483647;
			files = (
				E14DEAF91F521A1300F1EEFF /* Audio.swift in Sources */,
				E1112FB61BBE7FBC0001C33D /* ViewController.swift in Sources */,
				E105B77A1D5A5F73004AE5D9 /* UIImage.swift in Sources */,
				E14DEAF11F51EA4E00F1EEFF /* UIFont.swift in Sources */,
				E176A6901D8DE5CD00823E19 /* CGFloat.swift in Sources */,
				E105B7721D5A5F73004AE5D9 /* LDKEdgedCrescentButton.swift in Sources */,
				E127EB231BBE803700AAD675 /* LDKDPadView.swift in Sources */,
				E105B76D1D5A5F73004AE5D9 /* EdgedCrescent.swift in Sources */,
				E105B76E1D5A5F73004AE5D9 /* Graphable.swift in Sources */,
				E105B7761D5A5F73004AE5D9 /* RoundedRectangle.swift in Sources */,
				E105B7771D5A5F73004AE5D9 /* Tappable.swift in Sources */,
				E105B7671D5A5F73004AE5D9 /* Arc.swift in Sources */,
				E105B7701D5A5F73004AE5D9 /* LDKCrescentButton.swift in Sources */,
				E127EB251BBE808500AAD675 /* LDKDPadExpandedView.swift in Sources */,
				E105B76F1D5A5F73004AE5D9 /* LDKButton.swift in Sources */,
				E105B7711D5A5F73004AE5D9 /* LDKDirectionButton.swift in Sources */,
				E1E6A6B51F522D3D005DC4D0 /* GraphMultiplier.swift in Sources */,
				E105B77C1D5A61DC004AE5D9 /* Theme.swift in Sources */,
				E105B7781D5A5F73004AE5D9 /* UIButton.swift in Sources */,
				E105B7731D5A5F73004AE5D9 /* LDKElbowButton.swift in Sources */,
				E1112FB41BBE7FBC0001C33D /* AppDelegate.swift in Sources */,
				E105B7751D5A5F73004AE5D9 /* LDKSectorButton.swift in Sources */,
				E105B76C1D5A5F73004AE5D9 /* Crescent.swift in Sources */,
				E127EB271BBE80C800AAD675 /* LDKDPadFullView.swift in Sources */,
				E105B7741D5A5F73004AE5D9 /* LDKIndicatorView.swift in Sources */,
			);
			runOnlyForDeploymentPostprocessing = 0;
		};
		E1112FC01BBE7FBC0001C33D /* Sources */ = {
			isa = PBXSourcesBuildPhase;
			buildActionMask = 2147483647;
			files = (
				E1112FC91BBE7FBC0001C33D /* LCARSDisplayKitTests.swift in Sources */,
			);
			runOnlyForDeploymentPostprocessing = 0;
		};
		E1112FCB1BBE7FBC0001C33D /* Sources */ = {
			isa = PBXSourcesBuildPhase;
			buildActionMask = 2147483647;
			files = (
				E1112FD41BBE7FBC0001C33D /* LCARSDisplayKitUITests.swift in Sources */,
			);
			runOnlyForDeploymentPostprocessing = 0;
		};
/* End PBXSourcesBuildPhase section */

/* Begin PBXTargetDependency section */
		E1112FC61BBE7FBC0001C33D /* PBXTargetDependency */ = {
			isa = PBXTargetDependency;
			target = E1112FAF1BBE7FBB0001C33D /* LCARSDisplayKit */;
			targetProxy = E1112FC51BBE7FBC0001C33D /* PBXContainerItemProxy */;
		};
		E1112FD11BBE7FBC0001C33D /* PBXTargetDependency */ = {
			isa = PBXTargetDependency;
			target = E1112FAF1BBE7FBB0001C33D /* LCARSDisplayKit */;
			targetProxy = E1112FD01BBE7FBC0001C33D /* PBXContainerItemProxy */;
		};
/* End PBXTargetDependency section */

/* Begin PBXVariantGroup section */
		E105B78B1D5E6688004AE5D9 /* DPad.storyboard */ = {
			isa = PBXVariantGroup;
			children = (
				E105B78C1D5E6688004AE5D9 /* Base */,
			);
			name = DPad.storyboard;
			sourceTree = "<group>";
		};
		E1112FB71BBE7FBC0001C33D /* Main.storyboard */ = {
			isa = PBXVariantGroup;
			children = (
				E1112FB81BBE7FBC0001C33D /* Base */,
			);
			name = Main.storyboard;
			sourceTree = "<group>";
		};
		E1112FBC1BBE7FBC0001C33D /* LaunchScreen.storyboard */ = {
			isa = PBXVariantGroup;
			children = (
				E1112FBD1BBE7FBC0001C33D /* Base */,
			);
			name = LaunchScreen.storyboard;
			sourceTree = "<group>";
		};
/* End PBXVariantGroup section */

/* Begin XCBuildConfiguration section */
		E1112FD61BBE7FBC0001C33D /* Debug */ = {
			isa = XCBuildConfiguration;
			buildSettings = {
				ALWAYS_SEARCH_USER_PATHS = NO;
				CLANG_CXX_LANGUAGE_STANDARD = "gnu++0x";
				CLANG_CXX_LIBRARY = "libc++";
				CLANG_ENABLE_MODULES = YES;
				CLANG_ENABLE_OBJC_ARC = YES;
				CLANG_WARN_BLOCK_CAPTURE_AUTORELEASING = YES;
				CLANG_WARN_BOOL_CONVERSION = YES;
				CLANG_WARN_COMMA = YES;
				CLANG_WARN_CONSTANT_CONVERSION = YES;
				CLANG_WARN_DIRECT_OBJC_ISA_USAGE = YES_ERROR;
				CLANG_WARN_EMPTY_BODY = YES;
				CLANG_WARN_ENUM_CONVERSION = YES;
				CLANG_WARN_INFINITE_RECURSION = YES;
				CLANG_WARN_INT_CONVERSION = YES;
				CLANG_WARN_NON_LITERAL_NULL_CONVERSION = YES;
				CLANG_WARN_OBJC_LITERAL_CONVERSION = YES;
				CLANG_WARN_OBJC_ROOT_CLASS = YES_ERROR;
				CLANG_WARN_RANGE_LOOP_ANALYSIS = YES;
				CLANG_WARN_STRICT_PROTOTYPES = YES;
				CLANG_WARN_SUSPICIOUS_MOVE = YES;
				CLANG_WARN_UNREACHABLE_CODE = YES;
				CLANG_WARN__DUPLICATE_METHOD_MATCH = YES;
				COPY_PHASE_STRIP = NO;
				DEBUG_INFORMATION_FORMAT = dwarf;
				ENABLE_STRICT_OBJC_MSGSEND = YES;
				ENABLE_TESTABILITY = YES;
				GCC_C_LANGUAGE_STANDARD = gnu99;
				GCC_DYNAMIC_NO_PIC = NO;
				GCC_NO_COMMON_BLOCKS = YES;
				GCC_OPTIMIZATION_LEVEL = 0;
				GCC_PREPROCESSOR_DEFINITIONS = (
					"DEBUG=1",
					"$(inherited)",
				);
				GCC_WARN_64_TO_32_BIT_CONVERSION = YES;
				GCC_WARN_ABOUT_RETURN_TYPE = YES_ERROR;
				GCC_WARN_UNDECLARED_SELECTOR = YES;
				GCC_WARN_UNINITIALIZED_AUTOS = YES_AGGRESSIVE;
				GCC_WARN_UNUSED_FUNCTION = YES;
				GCC_WARN_UNUSED_VARIABLE = YES;
				IPHONEOS_DEPLOYMENT_TARGET = 11.0;
				MTL_ENABLE_DEBUG_INFO = YES;
				ONLY_ACTIVE_ARCH = YES;
				SDKROOT = iphoneos;
				SWIFT_OPTIMIZATION_LEVEL = "-Onone";
				TARGETED_DEVICE_FAMILY = "1,2";
			};
			name = Debug;
		};
		E1112FD71BBE7FBC0001C33D /* Release */ = {
			isa = XCBuildConfiguration;
			buildSettings = {
				ALWAYS_SEARCH_USER_PATHS = NO;
				CLANG_CXX_LANGUAGE_STANDARD = "gnu++0x";
				CLANG_CXX_LIBRARY = "libc++";
				CLANG_ENABLE_MODULES = YES;
				CLANG_ENABLE_OBJC_ARC = YES;
				CLANG_WARN_BLOCK_CAPTURE_AUTORELEASING = YES;
				CLANG_WARN_BOOL_CONVERSION = YES;
				CLANG_WARN_COMMA = YES;
				CLANG_WARN_CONSTANT_CONVERSION = YES;
				CLANG_WARN_DIRECT_OBJC_ISA_USAGE = YES_ERROR;
				CLANG_WARN_EMPTY_BODY = YES;
				CLANG_WARN_ENUM_CONVERSION = YES;
				CLANG_WARN_INFINITE_RECURSION = YES;
				CLANG_WARN_INT_CONVERSION = YES;
				CLANG_WARN_NON_LITERAL_NULL_CONVERSION = YES;
				CLANG_WARN_OBJC_LITERAL_CONVERSION = YES;
				CLANG_WARN_OBJC_ROOT_CLASS = YES_ERROR;
				CLANG_WARN_RANGE_LOOP_ANALYSIS = YES;
				CLANG_WARN_STRICT_PROTOTYPES = YES;
				CLANG_WARN_SUSPICIOUS_MOVE = YES;
				CLANG_WARN_UNREACHABLE_CODE = YES;
				CLANG_WARN__DUPLICATE_METHOD_MATCH = YES;
				COPY_PHASE_STRIP = NO;
				DEBUG_INFORMATION_FORMAT = "dwarf-with-dsym";
				ENABLE_NS_ASSERTIONS = NO;
				ENABLE_STRICT_OBJC_MSGSEND = YES;
				GCC_C_LANGUAGE_STANDARD = gnu99;
				GCC_NO_COMMON_BLOCKS = YES;
				GCC_WARN_64_TO_32_BIT_CONVERSION = YES;
				GCC_WARN_ABOUT_RETURN_TYPE = YES_ERROR;
				GCC_WARN_UNDECLARED_SELECTOR = YES;
				GCC_WARN_UNINITIALIZED_AUTOS = YES_AGGRESSIVE;
				GCC_WARN_UNUSED_FUNCTION = YES;
				GCC_WARN_UNUSED_VARIABLE = YES;
				IPHONEOS_DEPLOYMENT_TARGET = 11.0;
				MTL_ENABLE_DEBUG_INFO = NO;
				SDKROOT = iphoneos;
				SWIFT_OPTIMIZATION_LEVEL = "-Owholemodule";
				TARGETED_DEVICE_FAMILY = "1,2";
				VALIDATE_PRODUCT = YES;
			};
			name = Release;
		};
		E1112FD91BBE7FBC0001C33D /* Debug */ = {
			isa = XCBuildConfiguration;
			baseConfigurationReference = 91AB2E4C48D426B0EDA35E2F /* Pods-LCARSDisplayKit.debug.xcconfig */;
			buildSettings = {
				ALWAYS_EMBED_SWIFT_STANDARD_LIBRARIES = YES;
				ASSETCATALOG_COMPILER_APPICON_NAME = AppIcon;
				"CODE_SIGN_IDENTITY[sdk=iphoneos*]" = "iPhone Developer";
				DEVELOPMENT_TEAM = EX6YK9HKXA;
				INFOPLIST_FILE = LCARSDisplayKit/Info.plist;
				LD_RUNPATH_SEARCH_PATHS = "$(inherited) @executable_path/Frameworks";
				PRODUCT_BUNDLE_IDENTIFIER = com.richardpiazza.LCARSDisplayKit;
				PRODUCT_NAME = "$(TARGET_NAME)";
				SWIFT_VERSION = 4.0;
			};
			name = Debug;
		};
		E1112FDA1BBE7FBC0001C33D /* Release */ = {
			isa = XCBuildConfiguration;
			baseConfigurationReference = 998CEF5DD8BD0E9ED1FF7546 /* Pods-LCARSDisplayKit.release.xcconfig */;
			buildSettings = {
				ALWAYS_EMBED_SWIFT_STANDARD_LIBRARIES = YES;
				ASSETCATALOG_COMPILER_APPICON_NAME = AppIcon;
				"CODE_SIGN_IDENTITY[sdk=iphoneos*]" = "iPhone Developer";
				DEVELOPMENT_TEAM = EX6YK9HKXA;
				INFOPLIST_FILE = LCARSDisplayKit/Info.plist;
				LD_RUNPATH_SEARCH_PATHS = "$(inherited) @executable_path/Frameworks";
				PRODUCT_BUNDLE_IDENTIFIER = com.richardpiazza.LCARSDisplayKit;
				PRODUCT_NAME = "$(TARGET_NAME)";
				SWIFT_VERSION = 4.0;
			};
			name = Release;
		};
		E1112FDC1BBE7FBC0001C33D /* Debug */ = {
			isa = XCBuildConfiguration;
			baseConfigurationReference = 916B89F1536684D8808DADAE /* Pods-LCARSDisplayKitTests.debug.xcconfig */;
			buildSettings = {
				BUNDLE_LOADER = "$(TEST_HOST)";
				"CODE_SIGN_IDENTITY[sdk=iphoneos*]" = "iPhone Developer";
				DEVELOPMENT_TEAM = EX6YK9HKXA;
				INFOPLIST_FILE = LCARSDisplayKitTests/Info.plist;
				LD_RUNPATH_SEARCH_PATHS = "$(inherited) @executable_path/Frameworks @loader_path/Frameworks";
				PRODUCT_BUNDLE_IDENTIFIER = com.richardpiazza.LCARSDisplayKitTests;
				PRODUCT_NAME = "$(TARGET_NAME)";
				SWIFT_SWIFT3_OBJC_INFERENCE = On;
				SWIFT_VERSION = 4.0;
				TEST_HOST = "$(BUILT_PRODUCTS_DIR)/LCARSDisplayKit.app/LCARSDisplayKit";
			};
			name = Debug;
		};
		E1112FDD1BBE7FBC0001C33D /* Release */ = {
			isa = XCBuildConfiguration;
			baseConfigurationReference = 04AC52179B82A10C1DB01B08 /* Pods-LCARSDisplayKitTests.release.xcconfig */;
			buildSettings = {
				BUNDLE_LOADER = "$(TEST_HOST)";
				"CODE_SIGN_IDENTITY[sdk=iphoneos*]" = "iPhone Developer";
				DEVELOPMENT_TEAM = EX6YK9HKXA;
				INFOPLIST_FILE = LCARSDisplayKitTests/Info.plist;
				LD_RUNPATH_SEARCH_PATHS = "$(inherited) @executable_path/Frameworks @loader_path/Frameworks";
				PRODUCT_BUNDLE_IDENTIFIER = com.richardpiazza.LCARSDisplayKitTests;
				PRODUCT_NAME = "$(TARGET_NAME)";
				SWIFT_SWIFT3_OBJC_INFERENCE = On;
				SWIFT_VERSION = 4.0;
				TEST_HOST = "$(BUILT_PRODUCTS_DIR)/LCARSDisplayKit.app/LCARSDisplayKit";
			};
			name = Release;
		};
		E1112FDF1BBE7FBC0001C33D /* Debug */ = {
			isa = XCBuildConfiguration;
			baseConfigurationReference = 8B8B14692F708C643FF00174 /* Pods-LCARSDisplayKitUITests.debug.xcconfig */;
			buildSettings = {
				"CODE_SIGN_IDENTITY[sdk=iphoneos*]" = "iPhone Developer";
				DEVELOPMENT_TEAM = EX6YK9HKXA;
				INFOPLIST_FILE = LCARSDisplayKitUITests/Info.plist;
				LD_RUNPATH_SEARCH_PATHS = "$(inherited) @executable_path/Frameworks @loader_path/Frameworks";
				PRODUCT_BUNDLE_IDENTIFIER = com.richardpiazza.LCARSDisplayKitUITests;
				PRODUCT_NAME = "$(TARGET_NAME)";
				SWIFT_SWIFT3_OBJC_INFERENCE = On;
				SWIFT_VERSION = 4.0;
				TEST_TARGET_NAME = LCARSDisplayKit;
				USES_XCTRUNNER = YES;
			};
			name = Debug;
		};
		E1112FE01BBE7FBC0001C33D /* Release */ = {
			isa = XCBuildConfiguration;
			baseConfigurationReference = A8B8A02FD4BCABDEF9699B79 /* Pods-LCARSDisplayKitUITests.release.xcconfig */;
			buildSettings = {
				"CODE_SIGN_IDENTITY[sdk=iphoneos*]" = "iPhone Developer";
				DEVELOPMENT_TEAM = EX6YK9HKXA;
				INFOPLIST_FILE = LCARSDisplayKitUITests/Info.plist;
				LD_RUNPATH_SEARCH_PATHS = "$(inherited) @executable_path/Frameworks @loader_path/Frameworks";
				PRODUCT_BUNDLE_IDENTIFIER = com.richardpiazza.LCARSDisplayKitUITests;
				PRODUCT_NAME = "$(TARGET_NAME)";
				SWIFT_SWIFT3_OBJC_INFERENCE = On;
				SWIFT_VERSION = 4.0;
				TEST_TARGET_NAME = LCARSDisplayKit;
				USES_XCTRUNNER = YES;
			};
			name = Release;
		};
/* End XCBuildConfiguration section */

/* Begin XCConfigurationList section */
		E1112FAB1BBE7FBB0001C33D /* Build configuration list for PBXProject "LCARSDisplayKit" */ = {
			isa = XCConfigurationList;
			buildConfigurations = (
				E1112FD61BBE7FBC0001C33D /* Debug */,
				E1112FD71BBE7FBC0001C33D /* Release */,
			);
			defaultConfigurationIsVisible = 0;
			defaultConfigurationName = Release;
		};
		E1112FD81BBE7FBC0001C33D /* Build configuration list for PBXNativeTarget "LCARSDisplayKit" */ = {
			isa = XCConfigurationList;
			buildConfigurations = (
				E1112FD91BBE7FBC0001C33D /* Debug */,
				E1112FDA1BBE7FBC0001C33D /* Release */,
			);
			defaultConfigurationIsVisible = 0;
			defaultConfigurationName = Release;
		};
		E1112FDB1BBE7FBC0001C33D /* Build configuration list for PBXNativeTarget "LCARSDisplayKitTests" */ = {
			isa = XCConfigurationList;
			buildConfigurations = (
				E1112FDC1BBE7FBC0001C33D /* Debug */,
				E1112FDD1BBE7FBC0001C33D /* Release */,
			);
			defaultConfigurationIsVisible = 0;
			defaultConfigurationName = Release;
		};
		E1112FDE1BBE7FBC0001C33D /* Build configuration list for PBXNativeTarget "LCARSDisplayKitUITests" */ = {
			isa = XCConfigurationList;
			buildConfigurations = (
				E1112FDF1BBE7FBC0001C33D /* Debug */,
				E1112FE01BBE7FBC0001C33D /* Release */,
			);
			defaultConfigurationIsVisible = 0;
			defaultConfigurationName = Release;
		};
/* End XCConfigurationList section */
	};
	rootObject = E1112FA81BBE7FBB0001C33D /* Project object */;
}
