{
  "originHash" : "29ec3da9a8100c5513311476b405b42397966a7cd9e92e0023661f92a76b6883",
  "pins" : [
    {
      "identity" : "graphpoint",
      "kind" : "remoteSourceControl",
      "location" : "https://github.com/richardpiazza/GraphPoint.git",
      "state" : {
        "revision" : "db6b6570aee5782432400b1ac37bba6dc3a652e5",
        "version" : "5.1.0"
      }
    },
    {
      "identity" : "swift2d",
      "kind" : "remoteSourceControl",
      "location" : "https://github.com/richardpiazza/Swift2D",
      "state" : {
        "revision" : "b18c58dbcc4aa8091df51be0512ee5b0d16559e5",
        "version" : "2.2.0"
      }
    },
    {
      "identity" : "swiftcolor",
      "kind" : "remoteSourceControl",
      "location" : "https://github.com/richardpiazza/SwiftColor.git",
      "state" : {
        "revision" : "3194696c3f1c532b48bcdbece1aa7265376c1fbb",
        "version" : "0.3.1"
      }
    }
  ],
  "version" : 3
}
