{
  "object": {
    "pins": [
      {
        "package": "GraphPoint",
        "repositoryURL": "https://github.com/richardpiazza/GraphPoint.git",
        "state": {
          "branch": "feature/cartesian-naming",
          "revision": "2c52de2753ecdb4df935b1d9fd7c2c50ce6edd77",
          "version": null
        }
      },
      {
        "package": "Swift2D",
        "repositoryURL": "https://github.com/richardpiazza/Swift2D",
        "state": {
          "branch": null,
          "revision": "d3aa067d4c9bfa97fb09b67b2b638bc134fae8d7",
          "version": "1.1.0"
        }
      }
    ]
  },
  "version": 1
}
